
Microsoft Visual Studio Solution File, Format Version 12.00
# Visual Studio Version 16
VisualStudioVersion = 16.0.31624.102
MinimumVisualStudioVersion = 10.0.40219.1
Project("{FAE04EC0-301F-11D3-BF4B-00C04F79EFBC}") = "FunctsionsReturnAndArraysFromFile", "FunctsionsReturnAndArraysFromFile\FunctsionsReturnAndArraysFromFile.csproj", "{B1E549CC-0B3A-4F5B-8703-50567E95B3B7}"
EndProject
Project("{FAE04EC0-301F-11D3-BF4B-00C04F79EFBC}") = "FridayNightRandom", "FridayNightRandom\FridayNightRandom.csproj", "{878088C5-BE4B-40D2-B3DE-76F7B761D478}"
EndProject
Project("{FAE04EC0-301F-11D3-BF4B-00C04F79EFBC}") = "FridayNightRandomReturn", "FridayNightRandomReturn\FridayNightRandomReturn.csproj", "{DF244627-B405-43C9-ACD5-03FF2E69577F}"
EndProject
Project("{FAE04EC0-301F-11D3-BF4B-00C04F79EFBC}") = "PickRandomFromFile", "PickRandomFromFile\PickRandomFromFile.csproj", "{AEFCA95F-54E6-4C2D-B854-BC0788BD791A}"
EndProject
Project("{FAE04EC0-301F-11D3-BF4B-00C04F79EFBC}") = "ChuckNorris", "ChuckNorris\ChuckNorris.csproj", "{3E877144-4AFB-4D2B-991B-EDDF232AD84C}"
EndProject
Global
	GlobalSection(SolutionConfigurationPlatforms) = preSolution
		Debug|Any CPU = Debug|Any CPU
		Release|Any CPU = Release|Any CPU
	EndGlobalSection
	GlobalSection(ProjectConfigurationPlatforms) = postSolution
		{B1E549CC-0B3A-4F5B-8703-50567E95B3B7}.Debug|Any CPU.ActiveCfg = Debug|Any CPU
		{B1E549CC-0B3A-4F5B-8703-50567E95B3B7}.Debug|Any CPU.Build.0 = Debug|Any CPU
		{B1E549CC-0B3A-4F5B-8703-50567E95B3B7}.Release|Any CPU.ActiveCfg = Release|Any CPU
		{B1E549CC-0B3A-4F5B-8703-50567E95B3B7}.Release|Any CPU.Build.0 = Release|Any CPU
		{878088C5-BE4B-40D2-B3DE-76F7B761D478}.Debug|Any CPU.ActiveCfg = Debug|Any CPU
		{878088C5-BE4B-40D2-B3DE-76F7B761D478}.Debug|Any CPU.Build.0 = Debug|Any CPU
		{878088C5-BE4B-40D2-B3DE-76F7B761D478}.Release|Any CPU.ActiveCfg = Release|Any CPU
		{878088C5-BE4B-40D2-B3DE-76F7B761D478}.Release|Any CPU.Build.0 = Release|Any CPU
		{DF244627-B405-43C9-ACD5-03FF2E69577F}.Debug|Any CPU.ActiveCfg = Debug|Any CPU
		{DF244627-B405-43C9-ACD5-03FF2E69577F}.Debug|Any CPU.Build.0 = Debug|Any CPU
		{DF244627-B405-43C9-ACD5-03FF2E69577F}.Release|Any CPU.ActiveCfg = Release|Any CPU
		{DF244627-B405-43C9-ACD5-03FF2E69577F}.Release|Any CPU.Build.0 = Release|Any CPU
		{AEFCA95F-54E6-4C2D-B854-BC0788BD791A}.Debug|Any CPU.ActiveCfg = Debug|Any CPU
		{AEFCA95F-54E6-4C2D-B854-BC0788BD791A}.Debug|Any CPU.Build.0 = Debug|Any CPU
		{AEFCA95F-54E6-4C2D-B854-BC0788BD791A}.Release|Any CPU.ActiveCfg = Release|Any CPU
		{AEFCA95F-54E6-4C2D-B854-BC0788BD791A}.Release|Any CPU.Build.0 = Release|Any CPU
		{3E877144-4AFB-4D2B-991B-EDDF232AD84C}.Debug|Any CPU.ActiveCfg = Debug|Any CPU
		{3E877144-4AFB-4D2B-991B-EDDF232AD84C}.Debug|Any CPU.Build.0 = Debug|Any CPU
		{3E877144-4AFB-4D2B-991B-EDDF232AD84C}.Release|Any CPU.ActiveCfg = Release|Any CPU
		{3E877144-4AFB-4D2B-991B-EDDF232AD84C}.Release|Any CPU.Build.0 = Release|Any CPU
	EndGlobalSection
	GlobalSection(SolutionProperties) = preSolution
		HideSolutionNode = FALSE
	EndGlobalSection
	GlobalSection(ExtensibilityGlobals) = postSolution
		SolutionGuid = {379DE371-61A0-4889-9314-3DF246BFD938}
	EndGlobalSection
EndGlobal
